// !$*UTF8*$!
{
	archiveVersion = 1;
	classes = {
	};
	objectVersion = 60;
	objects = {

/* Begin PBXBuildFile section */
		2D070A552C62ABA70036B7F0 /* LocationDetailView.swift in Sources */ = {isa = PBXBuildFile; fileRef = 2D070A542C62ABA70036B7F0 /* LocationDetailView.swift */; };
		2D772A682CAC961900492A3A /* README.md in Resources */ = {isa = PBXBuildFile; fileRef = 2D772A672CAC961900492A3A /* README.md */; };
		2D7F8B012C6193DB00026647 /* LocationMapAnnotationView.swift in Sources */ = {isa = PBXBuildFile; fileRef = 2D7F8B002C6193DB00026647 /* LocationMapAnnotationView.swift */; };
		2D8329962C59EED6003A808D /* ScottysMapApp.swift in Sources */ = {isa = PBXBuildFile; fileRef = 2D8329952C59EED6003A808D /* ScottysMapApp.swift */; };
		2D83299D2C59EED7003A808D /* Preview Assets.xcassets in Resources */ = {isa = PBXBuildFile; fileRef = 2D83299C2C59EED7003A808D /* Preview Assets.xcassets */; };
		2D8329A42C59EFBB003A808D /* Assets.xcassets in Resources */ = {isa = PBXBuildFile; fileRef = 2D8329A32C59EFBB003A808D /* Assets.xcassets */; };
		2D8329A92C59F1B7003A808D /* Location.swift in Sources */ = {isa = PBXBuildFile; fileRef = 2D8329A82C59F1B7003A808D /* Location.swift */; };
		2D8329AC2C59F372003A808D /* LocationsDataService.swift in Sources */ = {isa = PBXBuildFile; fileRef = 2D8329AB2C59F372003A808D /* LocationsDataService.swift */; };
		2D8329B02C5A928A003A808D /* LocationsView.swift in Sources */ = {isa = PBXBuildFile; fileRef = 2D8329AF2C5A928A003A808D /* LocationsView.swift */; };
		2D8329B22C5AE1B0003A808D /* LocationsViewModel.swift in Sources */ = {isa = PBXBuildFile; fileRef = 2D8329B12C5AE1B0003A808D /* LocationsViewModel.swift */; };
		2DA4697C2C600EEF0039B20D /* LaunchScreen.storyboard in Resources */ = {isa = PBXBuildFile; fileRef = 2DA4697B2C600EEF0039B20D /* LaunchScreen.storyboard */; };
		2DA4697E2C6017140039B20D /* LocationsListView.swift in Sources */ = {isa = PBXBuildFile; fileRef = 2DA4697D2C6017140039B20D /* LocationsListView.swift */; };
		2DA469802C6033AE0039B20D /* LocationPreviewView.swift in Sources */ = {isa = PBXBuildFile; fileRef = 2DA4697F2C6033AE0039B20D /* LocationPreviewView.swift */; };
/* End PBXBuildFile section */

/* Begin PBXFileReference section */
		2D070A542C62ABA70036B7F0 /* LocationDetailView.swift */ = {isa = PBXFileReference; lastKnownFileType = sourcecode.swift; path = LocationDetailView.swift; sourceTree = "<group>"; };
		2D772A672CAC961900492A3A /* README.md */ = {isa = PBXFileReference; lastKnownFileType = net.daringfireball.markdown; path = README.md; sourceTree = "<group>"; };
		2D7F8B002C6193DB00026647 /* LocationMapAnnotationView.swift */ = {isa = PBXFileReference; lastKnownFileType = sourcecode.swift; path = LocationMapAnnotationView.swift; sourceTree = "<group>"; };
		2D8329922C59EED6003A808D /* ScottysMapApp.app */ = {isa = PBXFileReference; explicitFileType = wrapper.application; includeInIndex = 0; path = ScottysMapApp.app; sourceTree = BUILT_PRODUCTS_DIR; };
		2D8329952C59EED6003A808D /* ScottysMapApp.swift */ = {isa = PBXFileReference; lastKnownFileType = sourcecode.swift; path = ScottysMapApp.swift; sourceTree = "<group>"; };
		2D83299C2C59EED7003A808D /* Preview Assets.xcassets */ = {isa = PBXFileReference; lastKnownFileType = folder.assetcatalog; path = "Preview Assets.xcassets"; sourceTree = "<group>"; };
		2D8329A32C59EFBB003A808D /* Assets.xcassets */ = {isa = PBXFileReference; lastKnownFileType = folder.assetcatalog; path = Assets.xcassets; sourceTree = "<group>"; };
		2D8329A82C59F1B7003A808D /* Location.swift */ = {isa = PBXFileReference; lastKnownFileType = sourcecode.swift; path = Location.swift; sourceTree = "<group>"; };
		2D8329AB2C59F372003A808D /* LocationsDataService.swift */ = {isa = PBXFileReference; lastKnownFileType = sourcecode.swift; path = LocationsDataService.swift; sourceTree = "<group>"; };
		2D8329AF2C5A928A003A808D /* LocationsView.swift */ = {isa = PBXFileReference; lastKnownFileType = sourcecode.swift; path = LocationsView.swift; sourceTree = "<group>"; };
		2D8329B12C5AE1B0003A808D /* LocationsViewModel.swift */ = {isa = PBXFileReference; lastKnownFileType = sourcecode.swift; path = LocationsViewModel.swift; sourceTree = "<group>"; };
		2DA4697B2C600EEF0039B20D /* LaunchScreen.storyboard */ = {isa = PBXFileReference; lastKnownFileType = file.storyboard; path = LaunchScreen.storyboard; sourceTree = "<group>"; };
		2DA4697D2C6017140039B20D /* LocationsListView.swift */ = {isa = PBXFileReference; lastKnownFileType = sourcecode.swift; path = LocationsListView.swift; sourceTree = "<group>"; };
		2DA4697F2C6033AE0039B20D /* LocationPreviewView.swift */ = {isa = PBXFileReference; lastKnownFileType = sourcecode.swift; path = LocationPreviewView.swift; sourceTree = "<group>"; };
/* End PBXFileReference section */

/* Begin PBXFrameworksBuildPhase section */
		2D83298F2C59EED6003A808D /* Frameworks */ = {
			isa = PBXFrameworksBuildPhase;
			buildActionMask = 2147483647;
			files = (
			);
			runOnlyForDeploymentPostprocessing = 0;
		};
/* End PBXFrameworksBuildPhase section */

/* Begin PBXGroup section */
		2D8329892C59EED6003A808D = {
			isa = PBXGroup;
			children = (
				2D8329942C59EED6003A808D /* ScottysMapApp */,
				2D8329932C59EED6003A808D /* Products */,
			);
			sourceTree = "<group>";
		};
		2D8329932C59EED6003A808D /* Products */ = {
			isa = PBXGroup;
			children = (
				2D8329922C59EED6003A808D /* ScottysMapApp.app */,
			);
			name = Products;
			sourceTree = "<group>";
		};
		2D8329942C59EED6003A808D /* ScottysMapApp */ = {
			isa = PBXGroup;
			children = (
				2D8329952C59EED6003A808D /* ScottysMapApp.swift */,
				2D8329AA2C59F323003A808D /* DataServices */,
				2D8329A52C59F0F2003A808D /* Models */,
				2D8329A62C59F101003A808D /* Views */,
				2D8329A72C59F119003A808D /* ViewModels */,
				2D8329A32C59EFBB003A808D /* Assets.xcassets */,
				2DA4697B2C600EEF0039B20D /* LaunchScreen.storyboard */,
				2D83299B2C59EED7003A808D /* Preview Content */,
				2D772A672CAC961900492A3A /* README.md */,
			);
			path = ScottysMapApp;
			sourceTree = "<group>";
		};
		2D83299B2C59EED7003A808D /* Preview Content */ = {
			isa = PBXGroup;
			children = (
				2D83299C2C59EED7003A808D /* Preview Assets.xcassets */,
			);
			path = "Preview Content";
			sourceTree = "<group>";
		};
		2D8329A52C59F0F2003A808D /* Models */ = {
			isa = PBXGroup;
			children = (
				2D8329A82C59F1B7003A808D /* Location.swift */,
			);
			path = Models;
			sourceTree = "<group>";
		};
		2D8329A62C59F101003A808D /* Views */ = {
			isa = PBXGroup;
			children = (
				2D8329AF2C5A928A003A808D /* LocationsView.swift */,
				2DA4697D2C6017140039B20D /* LocationsListView.swift */,
				2DA4697F2C6033AE0039B20D /* LocationPreviewView.swift */,
				2D7F8B002C6193DB00026647 /* LocationMapAnnotationView.swift */,
				2D070A542C62ABA70036B7F0 /* LocationDetailView.swift */,
			);
			path = Views;
			sourceTree = "<group>";
		};
		2D8329A72C59F119003A808D /* ViewModels */ = {
			isa = PBXGroup;
			children = (
				2D8329B12C5AE1B0003A808D /* LocationsViewModel.swift */,
			);
			path = ViewModels;
			sourceTree = "<group>";
		};
		2D8329AA2C59F323003A808D /* DataServices */ = {
			isa = PBXGroup;
			children = (
				2D8329AB2C59F372003A808D /* LocationsDataService.swift */,
			);
			path = DataServices;
			sourceTree = "<group>";
		};
/* End PBXGroup section */

/* Begin PBXNativeTarget section */
		2D8329912C59EED6003A808D /* ScottysMapApp */ = {
			isa = PBXNativeTarget;
			buildConfigurationList = 2D8329A02C59EED7003A808D /* Build configuration list for PBXNativeTarget "ScottysMapApp" */;
			buildPhases = (
				2D83298E2C59EED6003A808D /* Sources */,
				2D83298F2C59EED6003A808D /* Frameworks */,
				2D8329902C59EED6003A808D /* Resources */,
			);
			buildRules = (
			);
			dependencies = (
			);
			name = ScottysMapApp;
			productName = ScottysMapApp;
			productReference = 2D8329922C59EED6003A808D /* ScottysMapApp.app */;
			productType = "com.apple.product-type.application";
		};
/* End PBXNativeTarget section */

/* Begin PBXProject section */
		2D83298A2C59EED6003A808D /* Project object */ = {
			isa = PBXProject;
			attributes = {
				BuildIndependentTargetsInParallel = 1;
				LastSwiftUpdateCheck = 1600;
				LastUpgradeCheck = 1600;
				TargetAttributes = {
					2D8329912C59EED6003A808D = {
						CreatedOnToolsVersion = 16.0;
					};
				};
			};
			buildConfigurationList = 2D83298D2C59EED6003A808D /* Build configuration list for PBXProject "ScottysMapApp" */;
			compatibilityVersion = "Xcode 15.0";
			developmentRegion = en;
			hasScannedForEncodings = 0;
			knownRegions = (
				en,
				Base,
			);
			mainGroup = 2D8329892C59EED6003A808D;
			productRefGroup = 2D8329932C59EED6003A808D /* Products */;
			projectDirPath = "";
			projectRoot = "";
			targets = (
				2D8329912C59EED6003A808D /* ScottysMapApp */,
			);
		};
/* End PBXProject section */

/* Begin PBXResourcesBuildPhase section */
		2D8329902C59EED6003A808D /* Resources */ = {
			isa = PBXResourcesBuildPhase;
			buildActionMask = 2147483647;
			files = (
				2DA4697C2C600EEF0039B20D /* LaunchScreen.storyboard in Resources */,
				2D8329A42C59EFBB003A808D /* Assets.xcassets in Resources */,
				2D772A682CAC961900492A3A /* README.md in Resources */,
				2D83299D2C59EED7003A808D /* Preview Assets.xcassets in Resources */,
			);
			runOnlyForDeploymentPostprocessing = 0;
		};
/* End PBXResourcesBuildPhase section */

/* Begin PBXSourcesBuildPhase section */
		2D83298E2C59EED6003A808D /* Sources */ = {
			isa = PBXSourcesBuildPhase;
			buildActionMask = 2147483647;
			files = (
				2D8329AC2C59F372003A808D /* LocationsDataService.swift in Sources */,
				2D7F8B012C6193DB00026647 /* LocationMapAnnotationView.swift in Sources */,
				2DA4697E2C6017140039B20D /* LocationsListView.swift in Sources */,
				2DA469802C6033AE0039B20D /* LocationPreviewView.swift in Sources */,
				2D8329B22C5AE1B0003A808D /* LocationsViewModel.swift in Sources */,
				2D8329B02C5A928A003A808D /* LocationsView.swift in Sources */,
				2D8329A92C59F1B7003A808D /* Location.swift in Sources */,
				2D070A552C62ABA70036B7F0 /* LocationDetailView.swift in Sources */,
				2D8329962C59EED6003A808D /* ScottysMapApp.swift in Sources */,
			);
			runOnlyForDeploymentPostprocessing = 0;
		};
/* End PBXSourcesBuildPhase section */

/* Begin XCBuildConfiguration section */
		2D83299E2C59EED7003A808D /* Debug */ = {
			isa = XCBuildConfiguration;
			buildSettings = {
				ALWAYS_SEARCH_USER_PATHS = NO;
				ASSETCATALOG_COMPILER_GENERATE_SWIFT_ASSET_SYMBOL_EXTENSIONS = YES;
				CLANG_ANALYZER_NONNULL = YES;
				CLANG_ANALYZER_NUMBER_OBJECT_CONVERSION = YES_AGGRESSIVE;
				CLANG_CXX_LANGUAGE_STANDARD = "gnu++20";
				CLANG_ENABLE_MODULES = YES;
				CLANG_ENABLE_OBJC_ARC = YES;
				CLANG_ENABLE_OBJC_WEAK = YES;
				CLANG_WARN_BLOCK_CAPTURE_AUTORELEASING = YES;
				CLANG_WARN_BOOL_CONVERSION = YES;
				CLANG_WARN_COMMA = YES;
				CLANG_WARN_CONSTANT_CONVERSION = YES;
				CLANG_WARN_DEPRECATED_OBJC_IMPLEMENTATIONS = YES;
				CLANG_WARN_DIRECT_OBJC_ISA_USAGE = YES_ERROR;
				CLANG_WARN_DOCUMENTATION_COMMENTS = YES;
				CLANG_WARN_EMPTY_BODY = YES;
				CLANG_WARN_ENUM_CONVERSION = YES;
				CLANG_WARN_INFINITE_RECURSION = YES;
				CLANG_WARN_INT_CONVERSION = YES;
				CLANG_WARN_NON_LITERAL_NULL_CONVERSION = YES;
				CLANG_WARN_OBJC_IMPLICIT_RETAIN_SELF = YES;
				CLANG_WARN_OBJC_LITERAL_CONVERSION = YES;
				CLANG_WARN_OBJC_ROOT_CLASS = YES_ERROR;
				CLANG_WARN_QUOTED_INCLUDE_IN_FRAMEWORK_HEADER = YES;
				CLANG_WARN_RANGE_LOOP_ANALYSIS = YES;
				CLANG_WARN_STRICT_PROTOTYPES = YES;
				CLANG_WARN_SUSPICIOUS_MOVE = YES;
				CLANG_WARN_UNGUARDED_AVAILABILITY = YES_AGGRESSIVE;
				CLANG_WARN_UNREACHABLE_CODE = YES;
				CLANG_WARN__DUPLICATE_METHOD_MATCH = YES;
				COPY_PHASE_STRIP = NO;
				DEBUG_INFORMATION_FORMAT = dwarf;
				ENABLE_STRICT_OBJC_MSGSEND = YES;
				ENABLE_TESTABILITY = YES;
				ENABLE_USER_SCRIPT_SANDBOXING = YES;
				GCC_C_LANGUAGE_STANDARD = gnu17;
				GCC_DYNAMIC_NO_PIC = NO;
				GCC_NO_COMMON_BLOCKS = YES;
				GCC_OPTIMIZATION_LEVEL = 0;
				GCC_PREPROCESSOR_DEFINITIONS = (
					"DEBUG=1",
					"$(inherited)",
				);
				GCC_WARN_64_TO_32_BIT_CONVERSION = YES;
				GCC_WARN_ABOUT_RETURN_TYPE = YES_ERROR;
				GCC_WARN_UNDECLARED_SELECTOR = YES;
				GCC_WARN_UNINITIALIZED_AUTOS = YES_AGGRESSIVE;
				GCC_WARN_UNUSED_FUNCTION = YES;
				GCC_WARN_UNUSED_VARIABLE = YES;
				IPHONEOS_DEPLOYMENT_TARGET = 18.0;
				LOCALIZATION_PREFERS_STRING_CATALOGS = YES;
				MTL_ENABLE_DEBUG_INFO = INCLUDE_SOURCE;
				MTL_FAST_MATH = YES;
				ONLY_ACTIVE_ARCH = YES;
				SDKROOT = iphoneos;
				SWIFT_ACTIVE_COMPILATION_CONDITIONS = "DEBUG $(inherited)";
				SWIFT_OPTIMIZATION_LEVEL = "-Onone";
			};
			name = Debug;
		};
		2D83299F2C59EED7003A808D /* Release */ = {
			isa = XCBuildConfiguration;
			buildSettings = {
				ALWAYS_SEARCH_USER_PATHS = NO;
				ASSETCATALOG_COMPILER_GENERATE_SWIFT_ASSET_SYMBOL_EXTENSIONS = YES;
				CLANG_ANALYZER_NONNULL = YES;
				CLANG_ANALYZER_NUMBER_OBJECT_CONVERSION = YES_AGGRESSIVE;
				CLANG_CXX_LANGUAGE_STANDARD = "gnu++20";
				CLANG_ENABLE_MODULES = YES;
				CLANG_ENABLE_OBJC_ARC = YES;
				CLANG_ENABLE_OBJC_WEAK = YES;
				CLANG_WARN_BLOCK_CAPTURE_AUTORELEASING = YES;
				CLANG_WARN_BOOL_CONVERSION = YES;
				CLANG_WARN_COMMA = YES;
				CLANG_WARN_CONSTANT_CONVERSION = YES;
				CLANG_WARN_DEPRECATED_OBJC_IMPLEMENTATIONS = YES;
				CLANG_WARN_DIRECT_OBJC_ISA_USAGE = YES_ERROR;
				CLANG_WARN_DOCUMENTATION_COMMENTS = YES;
				CLANG_WARN_EMPTY_BODY = YES;
				CLANG_WARN_ENUM_CONVERSION = YES;
				CLANG_WARN_INFINITE_RECURSION = YES;
				CLANG_WARN_INT_CONVERSION = YES;
				CLANG_WARN_NON_LITERAL_NULL_CONVERSION = YES;
				CLANG_WARN_OBJC_IMPLICIT_RETAIN_SELF = YES;
				CLANG_WARN_OBJC_LITERAL_CONVERSION = YES;
				CLANG_WARN_OBJC_ROOT_CLASS = YES_ERROR;
				CLANG_WARN_QUOTED_INCLUDE_IN_FRAMEWORK_HEADER = YES;
				CLANG_WARN_RANGE_LOOP_ANALYSIS = YES;
				CLANG_WARN_STRICT_PROTOTYPES = YES;
				CLANG_WARN_SUSPICIOUS_MOVE = YES;
				CLANG_WARN_UNGUARDED_AVAILABILITY = YES_AGGRESSIVE;
				CLANG_WARN_UNREACHABLE_CODE = YES;
				CLANG_WARN__DUPLICATE_METHOD_MATCH = YES;
				COPY_PHASE_STRIP = NO;
				DEBUG_INFORMATION_FORMAT = "dwarf-with-dsym";
				ENABLE_NS_ASSERTIONS = NO;
				ENABLE_STRICT_OBJC_MSGSEND = YES;
				ENABLE_USER_SCRIPT_SANDBOXING = YES;
				GCC_C_LANGUAGE_STANDARD = gnu17;
				GCC_NO_COMMON_BLOCKS = YES;
				GCC_WARN_64_TO_32_BIT_CONVERSION = YES;
				GCC_WARN_ABOUT_RETURN_TYPE = YES_ERROR;
				GCC_WARN_UNDECLARED_SELECTOR = YES;
				GCC_WARN_UNINITIALIZED_AUTOS = YES_AGGRESSIVE;
				GCC_WARN_UNUSED_FUNCTION = YES;
				GCC_WARN_UNUSED_VARIABLE = YES;
				IPHONEOS_DEPLOYMENT_TARGET = 18.0;
				LOCALIZATION_PREFERS_STRING_CATALOGS = YES;
				MTL_ENABLE_DEBUG_INFO = NO;
				MTL_FAST_MATH = YES;
				SDKROOT = iphoneos;
				SWIFT_COMPILATION_MODE = wholemodule;
				VALIDATE_PRODUCT = YES;
			};
			name = Release;
		};
		2D8329A12C59EED7003A808D /* Debug */ = {
			isa = XCBuildConfiguration;
			buildSettings = {
				ASSETCATALOG_COMPILER_APPICON_NAME = AppIcon;
				ASSETCATALOG_COMPILER_GLOBAL_ACCENT_COLOR_NAME = AccentColor;
				CODE_SIGN_STYLE = Automatic;
				CURRENT_PROJECT_VERSION = 1;
				DEVELOPMENT_ASSET_PATHS = "\"ScottysMapApp/Preview Content\"";
				DEVELOPMENT_TEAM = L47ZX65B39;
				ENABLE_PREVIEWS = YES;
				GENERATE_INFOPLIST_FILE = YES;
				INFOPLIST_KEY_CFBundleDisplayName = "Mappin'";
				INFOPLIST_KEY_UIApplicationSceneManifest_Generation = YES;
				INFOPLIST_KEY_UIApplicationSupportsIndirectInputEvents = YES;
				INFOPLIST_KEY_UILaunchScreen_Generation = YES;
				INFOPLIST_KEY_UILaunchStoryboardName = LaunchScreen.storyboard;
				INFOPLIST_KEY_UISupportedInterfaceOrientations = UIInterfaceOrientationPortrait;
				INFOPLIST_KEY_UISupportedInterfaceOrientations_iPad = "UIInterfaceOrientationLandscapeLeft UIInterfaceOrientationLandscapeRight UIInterfaceOrientationPortrait UIInterfaceOrientationPortraitUpsideDown";
				LD_RUNPATH_SEARCH_PATHS = (
					"$(inherited)",
					"@executable_path/Frameworks",
				);
				MARKETING_VERSION = 1.0;
				PRODUCT_BUNDLE_IDENTIFIER = com.ashtariaproductions.ScottysMapApp;
				PRODUCT_NAME = "$(TARGET_NAME)";
				SWIFT_EMIT_LOC_STRINGS = YES;
				SWIFT_VERSION = 5.0;
				TARGETED_DEVICE_FAMILY = "1,2";
			};
			name = Debug;
		};
		2D8329A22C59EED7003A808D /* Release */ = {
			isa = XCBuildConfiguration;
			buildSettings = {
				ASSETCATALOG_COMPILER_APPICON_NAME = AppIcon;
				ASSETCATALOG_COMPILER_GLOBAL_ACCENT_COLOR_NAME = AccentColor;
				CODE_SIGN_STYLE = Automatic;
				CURRENT_PROJECT_VERSION = 1;
				DEVELOPMENT_ASSET_PATHS = "\"ScottysMapApp/Preview Content\"";
				DEVELOPMENT_TEAM = L47ZX65B39;
				ENABLE_PREVIEWS = YES;
				GENERATE_INFOPLIST_FILE = YES;
				INFOPLIST_KEY_CFBundleDisplayName = "Mappin'";
				INFOPLIST_KEY_UIApplicationSceneManifest_Generation = YES;
				INFOPLIST_KEY_UIApplicationSupportsIndirectInputEvents = YES;
				INFOPLIST_KEY_UILaunchScreen_Generation = YES;
				INFOPLIST_KEY_UILaunchStoryboardName = LaunchScreen.storyboard;
				INFOPLIST_KEY_UISupportedInterfaceOrientations = UIInterfaceOrientationPortrait;
				INFOPLIST_KEY_UISupportedInterfaceOrientations_iPad = "UIInterfaceOrientationLandscapeLeft UIInterfaceOrientationLandscapeRight UIInterfaceOrientationPortrait UIInterfaceOrientationPortraitUpsideDown";
				LD_RUNPATH_SEARCH_PATHS = (
					"$(inherited)",
					"@executable_path/Frameworks",
				);
				MARKETING_VERSION = 1.0;
				PRODUCT_BUNDLE_IDENTIFIER = com.ashtariaproductions.ScottysMapApp;
				PRODUCT_NAME = "$(TARGET_NAME)";
				SWIFT_EMIT_LOC_STRINGS = YES;
				SWIFT_VERSION = 5.0;
				TARGETED_DEVICE_FAMILY = "1,2";
			};
			name = Release;
		};
/* End XCBuildConfiguration section */

/* Begin XCConfigurationList section */
		2D83298D2C59EED6003A808D /* Build configuration list for PBXProject "ScottysMapApp" */ = {
			isa = XCConfigurationList;
			buildConfigurations = (
				2D83299E2C59EED7003A808D /* Debug */,
				2D83299F2C59EED7003A808D /* Release */,
			);
			defaultConfigurationIsVisible = 0;
			defaultConfigurationName = Release;
		};
		2D8329A02C59EED7003A808D /* Build configuration list for PBXNativeTarget "ScottysMapApp" */ = {
			isa = XCConfigurationList;
			buildConfigurations = (
				2D8329A12C59EED7003A808D /* Debug */,
				2D8329A22C59EED7003A808D /* Release */,
			);
			defaultConfigurationIsVisible = 0;
			defaultConfigurationName = Release;
		};
/* End XCConfigurationList section */
	};
	rootObject = 2D83298A2C59EED6003A808D /* Project object */;
}
